
Microsoft Visual Studio Solution File, Format Version 12.00
# Visual Studio Version 16
VisualStudioVersion = 16.0.30014.187
MinimumVisualStudioVersion = 10.0.40219.1
Project("{FAE04EC0-301F-11D3-BF4B-00C04F79EFBC}") = "JQueryAjax", "JQueryAjax\JQueryAjax.csproj", "{B10DA1F7-67AF-4817-867B-84ED2D4C1CD9}"
EndProject
Global
	GlobalSection(SolutionConfigurationPlatforms) = preSolution
		Debug|Any CPU = Debug|Any CPU
		Release|Any CPU = Release|Any CPU
	EndGlobalSection
	GlobalSection(ProjectConfigurationPlatforms) = postSolution
		{B10DA1F7-67AF-4817-867B-84ED2D4C1CD9}.Debug|Any CPU.ActiveCfg = Debug|Any CPU
		{B10DA1F7-67AF-4817-867B-84ED2D4C1CD9}.Debug|Any CPU.Build.0 = Debug|Any CPU
		{B10DA1F7-67AF-4817-867B-84ED2D4C1CD9}.Release|Any CPU.ActiveCfg = Release|Any CPU
		{B10DA1F7-67AF-4817-867B-84ED2D4C1CD9}.Release|Any CPU.Build.0 = Release|Any CPU
	EndGlobalSection
	GlobalSection(SolutionProperties) = preSolution
		HideSolutionNode = FALSE
	EndGlobalSection
	GlobalSection(ExtensibilityGlobals) = postSolution
		SolutionGuid = {00E99EB5-CBAA-46BC-B324-2C60CC1E1933}
	EndGlobalSection
EndGlobal
